// !$*UTF8*$!
{
	archiveVersion = 1;
	classes = {
	};
	objectVersion = 46;
	objects = {

/* Begin PBXBuildFile section */
		DF0C1C91962946ECA3253072 /* libPods.a in Frameworks */ = {isa = PBXBuildFile; fileRef = 05AA57D6C6A1492CBCCEF684 /* libPods.a */; };
		E732DC1116C5371D00DB2763 /* UIKit.framework in Frameworks */ = {isa = PBXBuildFile; fileRef = E732DC1016C5371D00DB2763 /* UIKit.framework */; };
		E732DC1316C5371D00DB2763 /* Foundation.framework in Frameworks */ = {isa = PBXBuildFile; fileRef = E732DC1216C5371D00DB2763 /* Foundation.framework */; };
		E732DC1516C5371D00DB2763 /* CoreGraphics.framework in Frameworks */ = {isa = PBXBuildFile; fileRef = E732DC1416C5371D00DB2763 /* CoreGraphics.framework */; };
		E732DC1716C5371D00DB2763 /* CoreData.framework in Frameworks */ = {isa = PBXBuildFile; fileRef = E732DC1616C5371D00DB2763 /* CoreData.framework */; };
		E732DC1A16C5371D00DB2763 /* Podfile in Resources */ = {isa = PBXBuildFile; fileRef = E732DC1916C5371D00DB2763 /* Podfile */; };
		E732DC2016C5371D00DB2763 /* ToDoAPIClient.m in Sources */ = {isa = PBXBuildFile; fileRef = E732DC1F16C5371D00DB2763 /* ToDoAPIClient.m */; };
		E732DC2416C5371D00DB2763 /* InfoPlist.strings in Resources */ = {isa = PBXBuildFile; fileRef = E732DC2216C5371D00DB2763 /* InfoPlist.strings */; };
		E732DC2616C5371D00DB2763 /* main.m in Sources */ = {isa = PBXBuildFile; fileRef = E732DC2516C5371D00DB2763 /* main.m */; };
		E732DC2916C5371D00DB2763 /* AppDelegate.m in Sources */ = {isa = PBXBuildFile; fileRef = E732DC2816C5371D00DB2763 /* AppDelegate.m */; };
		E732DC2B16C5371D00DB2763 /* Default.png in Resources */ = {isa = PBXBuildFile; fileRef = E732DC2A16C5371D00DB2763 /* Default.png */; };
		E732DC2D16C5371D00DB2763 /* Default@2x.png in Resources */ = {isa = PBXBuildFile; fileRef = E732DC2C16C5371D00DB2763 /* Default@2x.png */; };
		E732DC2F16C5371D00DB2763 /* Default-568h@2x.png in Resources */ = {isa = PBXBuildFile; fileRef = E732DC2E16C5371D00DB2763 /* Default-568h@2x.png */; };
		E732DC3316C5371D00DB2763 /* ToDo.xcdatamodeld in Sources */ = {isa = PBXBuildFile; fileRef = E732DC3116C5371D00DB2763 /* ToDo.xcdatamodeld */; };
		E732DC3616C5371D00DB2763 /* ToDoIncrementalStore.m in Sources */ = {isa = PBXBuildFile; fileRef = E732DC3516C5371D00DB2763 /* ToDoIncrementalStore.m */; };
		E732DC3E16C5371D00DB2763 /* SenTestingKit.framework in Frameworks */ = {isa = PBXBuildFile; fileRef = E732DC3D16C5371D00DB2763 /* SenTestingKit.framework */; };
		E732DC3F16C5371D00DB2763 /* UIKit.framework in Frameworks */ = {isa = PBXBuildFile; fileRef = E732DC1016C5371D00DB2763 /* UIKit.framework */; };
		E732DC4016C5371D00DB2763 /* Foundation.framework in Frameworks */ = {isa = PBXBuildFile; fileRef = E732DC1216C5371D00DB2763 /* Foundation.framework */; };
		E732DC4116C5371D00DB2763 /* CoreData.framework in Frameworks */ = {isa = PBXBuildFile; fileRef = E732DC1616C5371D00DB2763 /* CoreData.framework */; };
		E732DC4916C5371D00DB2763 /* InfoPlist.strings in Resources */ = {isa = PBXBuildFile; fileRef = E732DC4716C5371D00DB2763 /* InfoPlist.strings */; };
		E732DC4C16C5371D00DB2763 /* ToDoTests.m in Sources */ = {isa = PBXBuildFile; fileRef = E732DC4B16C5371D00DB2763 /* ToDoTests.m */; };
		E732DC5816C53B9700DB2763 /* TasksViewController.m in Sources */ = {isa = PBXBuildFile; fileRef = E732DC5616C53B9700DB2763 /* TasksViewController.m */; };
		E732DC5916C53B9700DB2763 /* TasksViewController.xib in Resources */ = {isa = PBXBuildFile; fileRef = E732DC5716C53B9700DB2763 /* TasksViewController.xib */; };
		E732DC5F16C5454900DB2763 /* Task.m in Sources */ = {isa = PBXBuildFile; fileRef = E732DC5E16C5454900DB2763 /* Task.m */; };
/* End PBXBuildFile section */

/* Begin PBXContainerItemProxy section */
		E732DC4216C5371D00DB2763 /* PBXContainerItemProxy */ = {
			isa = PBXContainerItemProxy;
			containerPortal = E732DC0516C5371D00DB2763 /* Project object */;
			proxyType = 1;
			remoteGlobalIDString = E732DC0C16C5371D00DB2763;
			remoteInfo = ToDo;
		};
/* End PBXContainerItemProxy section */

/* Begin PBXFileReference section */
		05AA57D6C6A1492CBCCEF684 /* libPods.a */ = {isa = PBXFileReference; explicitFileType = archive.ar; includeInIndex = 0; path = libPods.a; sourceTree = BUILT_PRODUCTS_DIR; };
		3582A41F2E92434DBCA92640 /* Pods.xcconfig */ = {isa = PBXFileReference; includeInIndex = 1; lastKnownFileType = text.xcconfig; name = Pods.xcconfig; path = Pods/Pods.xcconfig; sourceTree = SOURCE_ROOT; };
		E732DC0D16C5371D00DB2763 /* ToDo.app */ = {isa = PBXFileReference; explicitFileType = wrapper.application; includeInIndex = 0; path = ToDo.app; sourceTree = BUILT_PRODUCTS_DIR; };
		E732DC1016C5371D00DB2763 /* UIKit.framework */ = {isa = PBXFileReference; lastKnownFileType = wrapper.framework; name = UIKit.framework; path = System/Library/Frameworks/UIKit.framework; sourceTree = SDKROOT; };
		E732DC1216C5371D00DB2763 /* Foundation.framework */ = {isa = PBXFileReference; lastKnownFileType = wrapper.framework; name = Foundation.framework; path = System/Library/Frameworks/Foundation.framework; sourceTree = SDKROOT; };
		E732DC1416C5371D00DB2763 /* CoreGraphics.framework */ = {isa = PBXFileReference; lastKnownFileType = wrapper.framework; name = CoreGraphics.framework; path = System/Library/Frameworks/CoreGraphics.framework; sourceTree = SDKROOT; };
		E732DC1616C5371D00DB2763 /* CoreData.framework */ = {isa = PBXFileReference; lastKnownFileType = wrapper.framework; name = CoreData.framework; path = System/Library/Frameworks/CoreData.framework; sourceTree = SDKROOT; };
		E732DC1916C5371D00DB2763 /* Podfile */ = {isa = PBXFileReference; lastKnownFileType = text; name = Podfile; path = ../Podfile; sourceTree = "<group>"; };
		E732DC1C16C5371D00DB2763 /* ToDo-Prefix.pch */ = {isa = PBXFileReference; lastKnownFileType = sourcecode.c.h; path = "ToDo-Prefix.pch"; sourceTree = "<group>"; };
		E732DC1E16C5371D00DB2763 /* ToDoAPIClient.h */ = {isa = PBXFileReference; lastKnownFileType = sourcecode.c.h; name = ToDoAPIClient.h; path = Classes/ToDoAPIClient.h; sourceTree = "<group>"; };
		E732DC1F16C5371D00DB2763 /* ToDoAPIClient.m */ = {isa = PBXFileReference; lastKnownFileType = sourcecode.c.objc; name = ToDoAPIClient.m; path = Classes/ToDoAPIClient.m; sourceTree = "<group>"; };
		E732DC2116C5371D00DB2763 /* ToDo-Info.plist */ = {isa = PBXFileReference; lastKnownFileType = text.plist.xml; path = "ToDo-Info.plist"; sourceTree = "<group>"; };
		E732DC2316C5371D00DB2763 /* en */ = {isa = PBXFileReference; lastKnownFileType = text.plist.strings; name = en; path = en.lproj/InfoPlist.strings; sourceTree = "<group>"; };
		E732DC2516C5371D00DB2763 /* main.m */ = {isa = PBXFileReference; lastKnownFileType = sourcecode.c.objc; path = main.m; sourceTree = "<group>"; };
		E732DC2716C5371D00DB2763 /* AppDelegate.h */ = {isa = PBXFileReference; lastKnownFileType = sourcecode.c.h; path = AppDelegate.h; sourceTree = "<group>"; };
		E732DC2816C5371D00DB2763 /* AppDelegate.m */ = {isa = PBXFileReference; lastKnownFileType = sourcecode.c.objc; path = AppDelegate.m; sourceTree = "<group>"; };
		E732DC2A16C5371D00DB2763 /* Default.png */ = {isa = PBXFileReference; lastKnownFileType = image.png; path = Default.png; sourceTree = "<group>"; };
		E732DC2C16C5371D00DB2763 /* Default@2x.png */ = {isa = PBXFileReference; lastKnownFileType = image.png; path = "Default@2x.png"; sourceTree = "<group>"; };
		E732DC2E16C5371D00DB2763 /* Default-568h@2x.png */ = {isa = PBXFileReference; lastKnownFileType = image.png; path = "Default-568h@2x.png"; sourceTree = "<group>"; };
		E732DC3216C5371D00DB2763 /* ToDo.xcdatamodel */ = {isa = PBXFileReference; lastKnownFileType = wrapper.xcdatamodel; path = ToDo.xcdatamodel; sourceTree = "<group>"; };
		E732DC3416C5371D00DB2763 /* ToDoIncrementalStore.h */ = {isa = PBXFileReference; lastKnownFileType = sourcecode.c.h; name = ToDoIncrementalStore.h; path = Classes/ToDoIncrementalStore.h; sourceTree = "<group>"; };
		E732DC3516C5371D00DB2763 /* ToDoIncrementalStore.m */ = {isa = PBXFileReference; lastKnownFileType = sourcecode.c.objc; name = ToDoIncrementalStore.m; path = Classes/ToDoIncrementalStore.m; sourceTree = "<group>"; };
		E732DC3C16C5371D00DB2763 /* ToDoTests.octest */ = {isa = PBXFileReference; explicitFileType = wrapper.cfbundle; includeInIndex = 0; path = ToDoTests.octest; sourceTree = BUILT_PRODUCTS_DIR; };
		E732DC3D16C5371D00DB2763 /* SenTestingKit.framework */ = {isa = PBXFileReference; lastKnownFileType = wrapper.framework; name = SenTestingKit.framework; path = Library/Frameworks/SenTestingKit.framework; sourceTree = DEVELOPER_DIR; };
		E732DC4616C5371D00DB2763 /* ToDoTests-Info.plist */ = {isa = PBXFileReference; lastKnownFileType = text.plist.xml; path = "ToDoTests-Info.plist"; sourceTree = "<group>"; };
		E732DC4816C5371D00DB2763 /* en */ = {isa = PBXFileReference; lastKnownFileType = text.plist.strings; name = en; path = en.lproj/InfoPlist.strings; sourceTree = "<group>"; };
		E732DC4A16C5371D00DB2763 /* ToDoTests.h */ = {isa = PBXFileReference; lastKnownFileType = sourcecode.c.h; path = ToDoTests.h; sourceTree = "<group>"; };
		E732DC4B16C5371D00DB2763 /* ToDoTests.m */ = {isa = PBXFileReference; lastKnownFileType = sourcecode.c.objc; path = ToDoTests.m; sourceTree = "<group>"; };
		E732DC5516C53B9700DB2763 /* TasksViewController.h */ = {isa = PBXFileReference; fileEncoding = 4; lastKnownFileType = sourcecode.c.h; path = TasksViewController.h; sourceTree = "<group>"; };
		E732DC5616C53B9700DB2763 /* TasksViewController.m */ = {isa = PBXFileReference; fileEncoding = 4; lastKnownFileType = sourcecode.c.objc; path = TasksViewController.m; sourceTree = "<group>"; };
		E732DC5716C53B9700DB2763 /* TasksViewController.xib */ = {isa = PBXFileReference; fileEncoding = 4; lastKnownFileType = file.xib; path = TasksViewController.xib; sourceTree = "<group>"; };
		E732DC5D16C5454900DB2763 /* Task.h */ = {isa = PBXFileReference; fileEncoding = 4; lastKnownFileType = sourcecode.c.h; path = Task.h; sourceTree = "<group>"; };
		E732DC5E16C5454900DB2763 /* Task.m */ = {isa = PBXFileReference; fileEncoding = 4; lastKnownFileType = sourcecode.c.objc; path = Task.m; sourceTree = "<group>"; };
/* End PBXFileReference section */

/* Begin PBXFrameworksBuildPhase section */
		E732DC0A16C5371D00DB2763 /* Frameworks */ = {
			isa = PBXFrameworksBuildPhase;
			buildActionMask = 2147483647;
			files = (
				E732DC1116C5371D00DB2763 /* UIKit.framework in Frameworks */,
				E732DC1316C5371D00DB2763 /* Foundation.framework in Frameworks */,
				E732DC1516C5371D00DB2763 /* CoreGraphics.framework in Frameworks */,
				E732DC1716C5371D00DB2763 /* CoreData.framework in Frameworks */,
				DF0C1C91962946ECA3253072 /* libPods.a in Frameworks */,
			);
			runOnlyForDeploymentPostprocessing = 0;
		};
		E732DC3816C5371D00DB2763 /* Frameworks */ = {
			isa = PBXFrameworksBuildPhase;
			buildActionMask = 2147483647;
			files = (
				E732DC3E16C5371D00DB2763 /* SenTestingKit.framework in Frameworks */,
				E732DC3F16C5371D00DB2763 /* UIKit.framework in Frameworks */,
				E732DC4016C5371D00DB2763 /* Foundation.framework in Frameworks */,
				E732DC4116C5371D00DB2763 /* CoreData.framework in Frameworks */,
			);
			runOnlyForDeploymentPostprocessing = 0;
		};
/* End PBXFrameworksBuildPhase section */

/* Begin PBXGroup section */
		E732DC0416C5371D00DB2763 = {
			isa = PBXGroup;
			children = (
				E732DC1816C5371D00DB2763 /* ToDo */,
				E732DC4416C5371D00DB2763 /* ToDoTests */,
				E732DC0F16C5371D00DB2763 /* Frameworks */,
				E732DC0E16C5371D00DB2763 /* Products */,
				3582A41F2E92434DBCA92640 /* Pods.xcconfig */,
			);
			sourceTree = "<group>";
		};
		E732DC0E16C5371D00DB2763 /* Products */ = {
			isa = PBXGroup;
			children = (
				E732DC0D16C5371D00DB2763 /* ToDo.app */,
				E732DC3C16C5371D00DB2763 /* ToDoTests.octest */,
			);
			name = Products;
			sourceTree = "<group>";
		};
		E732DC0F16C5371D00DB2763 /* Frameworks */ = {
			isa = PBXGroup;
			children = (
				E732DC1016C5371D00DB2763 /* UIKit.framework */,
				E732DC1216C5371D00DB2763 /* Foundation.framework */,
				E732DC1416C5371D00DB2763 /* CoreGraphics.framework */,
				E732DC1616C5371D00DB2763 /* CoreData.framework */,
				E732DC3D16C5371D00DB2763 /* SenTestingKit.framework */,
				05AA57D6C6A1492CBCCEF684 /* libPods.a */,
			);
			name = Frameworks;
			sourceTree = "<group>";
		};
		E732DC1816C5371D00DB2763 /* ToDo */ = {
			isa = PBXGroup;
			children = (
				E732DC1916C5371D00DB2763 /* Podfile */,
				E732DC2716C5371D00DB2763 /* AppDelegate.h */,
				E732DC2816C5371D00DB2763 /* AppDelegate.m */,
				E732DC5516C53B9700DB2763 /* TasksViewController.h */,
				E732DC5616C53B9700DB2763 /* TasksViewController.m */,
				E732DC5716C53B9700DB2763 /* TasksViewController.xib */,
				E732DC1D16C5371D00DB2763 /* Networking */,
				E732DC3016C5371D00DB2763 /* Models */,
				E732DC1B16C5371D00DB2763 /* Supporting Files */,
			);
			path = ToDo;
			sourceTree = "<group>";
		};
		E732DC1B16C5371D00DB2763 /* Supporting Files */ = {
			isa = PBXGroup;
			children = (
				E732DC1C16C5371D00DB2763 /* ToDo-Prefix.pch */,
				E732DC2116C5371D00DB2763 /* ToDo-Info.plist */,
				E732DC2216C5371D00DB2763 /* InfoPlist.strings */,
				E732DC2516C5371D00DB2763 /* main.m */,
				E732DC2A16C5371D00DB2763 /* Default.png */,
				E732DC2C16C5371D00DB2763 /* Default@2x.png */,
				E732DC2E16C5371D00DB2763 /* Default-568h@2x.png */,
			);
			name = "Supporting Files";
			sourceTree = "<group>";
		};
		E732DC1D16C5371D00DB2763 /* Networking */ = {
			isa = PBXGroup;
			children = (
				E732DC1E16C5371D00DB2763 /* ToDoAPIClient.h */,
				E732DC1F16C5371D00DB2763 /* ToDoAPIClient.m */,
				E732DC3416C5371D00DB2763 /* ToDoIncrementalStore.h */,
				E732DC3516C5371D00DB2763 /* ToDoIncrementalStore.m */,
			);
			name = Networking;
			sourceTree = "<group>";
		};
		E732DC3016C5371D00DB2763 /* Models */ = {
			isa = PBXGroup;
			children = (
				E732DC3116C5371D00DB2763 /* ToDo.xcdatamodeld */,
				E732DC5D16C5454900DB2763 /* Task.h */,
				E732DC5E16C5454900DB2763 /* Task.m */,
			);
			name = Models;
			sourceTree = "<group>";
		};
		E732DC4416C5371D00DB2763 /* ToDoTests */ = {
			isa = PBXGroup;
			children = (
				E732DC4A16C5371D00DB2763 /* ToDoTests.h */,
				E732DC4B16C5371D00DB2763 /* ToDoTests.m */,
				E732DC4516C5371D00DB2763 /* Supporting Files */,
			);
			path = ToDoTests;
			sourceTree = "<group>";
		};
		E732DC4516C5371D00DB2763 /* Supporting Files */ = {
			isa = PBXGroup;
			children = (
				E732DC4616C5371D00DB2763 /* ToDoTests-Info.plist */,
				E732DC4716C5371D00DB2763 /* InfoPlist.strings */,
			);
			name = "Supporting Files";
			sourceTree = "<group>";
		};
/* End PBXGroup section */

/* Begin PBXNativeTarget section */
		E732DC0C16C5371D00DB2763 /* ToDo */ = {
			isa = PBXNativeTarget;
			buildConfigurationList = E732DC4F16C5371D00DB2763 /* Build configuration list for PBXNativeTarget "ToDo" */;
			buildPhases = (
				E732DC0916C5371D00DB2763 /* Sources */,
				E732DC0A16C5371D00DB2763 /* Frameworks */,
				E732DC0B16C5371D00DB2763 /* Resources */,
				725F8022DFEE4B58B5719A76 /* Copy Pods Resources */,
			);
			buildRules = (
			);
			dependencies = (
			);
			name = ToDo;
			productName = ToDo;
			productReference = E732DC0D16C5371D00DB2763 /* ToDo.app */;
			productType = "com.apple.product-type.application";
		};
		E732DC3B16C5371D00DB2763 /* ToDoTests */ = {
			isa = PBXNativeTarget;
			buildConfigurationList = E732DC5216C5371D00DB2763 /* Build configuration list for PBXNativeTarget "ToDoTests" */;
			buildPhases = (
				E732DC3716C5371D00DB2763 /* Sources */,
				E732DC3816C5371D00DB2763 /* Frameworks */,
				E732DC3916C5371D00DB2763 /* Resources */,
				E732DC3A16C5371D00DB2763 /* ShellScript */,
			);
			buildRules = (
			);
			dependencies = (
				E732DC4316C5371D00DB2763 /* PBXTargetDependency */,
			);
			name = ToDoTests;
			productName = ToDoTests;
			productReference = E732DC3C16C5371D00DB2763 /* ToDoTests.octest */;
			productType = "com.apple.product-type.bundle";
		};
/* End PBXNativeTarget section */

/* Begin PBXProject section */
		E732DC0516C5371D00DB2763 /* Project object */ = {
			isa = PBXProject;
			attributes = {
				LastUpgradeCheck = 0460;
				ORGANIZATIONNAME = "Nate West";
			};
			buildConfigurationList = E732DC0816C5371D00DB2763 /* Build configuration list for PBXProject "ToDo" */;
			compatibilityVersion = "Xcode 3.2";
			developmentRegion = English;
			hasScannedForEncodings = 0;
			knownRegions = (
				en,
			);
			mainGroup = E732DC0416C5371D00DB2763;
			productRefGroup = E732DC0E16C5371D00DB2763 /* Products */;
			projectDirPath = "";
			projectRoot = "";
			targets = (
				E732DC0C16C5371D00DB2763 /* ToDo */,
				E732DC3B16C5371D00DB2763 /* ToDoTests */,
			);
		};
/* End PBXProject section */

/* Begin PBXResourcesBuildPhase section */
		E732DC0B16C5371D00DB2763 /* Resources */ = {
			isa = PBXResourcesBuildPhase;
			buildActionMask = 2147483647;
			files = (
				E732DC1A16C5371D00DB2763 /* Podfile in Resources */,
				E732DC2416C5371D00DB2763 /* InfoPlist.strings in Resources */,
				E732DC2B16C5371D00DB2763 /* Default.png in Resources */,
				E732DC2D16C5371D00DB2763 /* Default@2x.png in Resources */,
				E732DC2F16C5371D00DB2763 /* Default-568h@2x.png in Resources */,
				E732DC5916C53B9700DB2763 /* TasksViewController.xib in Resources */,
			);
			runOnlyForDeploymentPostprocessing = 0;
		};
		E732DC3916C5371D00DB2763 /* Resources */ = {
			isa = PBXResourcesBuildPhase;
			buildActionMask = 2147483647;
			files = (
				E732DC4916C5371D00DB2763 /* InfoPlist.strings in Resources */,
			);
			runOnlyForDeploymentPostprocessing = 0;
		};
/* End PBXResourcesBuildPhase section */

/* Begin PBXShellScriptBuildPhase section */
		725F8022DFEE4B58B5719A76 /* Copy Pods Resources */ = {
			isa = PBXShellScriptBuildPhase;
			buildActionMask = 2147483647;
			files = (
			);
			inputPaths = (
			);
			name = "Copy Pods Resources";
			outputPaths = (
			);
			runOnlyForDeploymentPostprocessing = 0;
			shellPath = /bin/sh;
			shellScript = "\"${SRCROOT}/Pods/Pods-resources.sh\"\n";
		};
		E732DC3A16C5371D00DB2763 /* ShellScript */ = {
			isa = PBXShellScriptBuildPhase;
			buildActionMask = 2147483647;
			files = (
			);
			inputPaths = (
			);
			outputPaths = (
			);
			runOnlyForDeploymentPostprocessing = 0;
			shellPath = /bin/sh;
			shellScript = "# Run the unit tests in this test bundle.\n\"${SYSTEM_DEVELOPER_DIR}/Tools/RunUnitTests\"\n";
		};
/* End PBXShellScriptBuildPhase section */

/* Begin PBXSourcesBuildPhase section */
		E732DC0916C5371D00DB2763 /* Sources */ = {
			isa = PBXSourcesBuildPhase;
			buildActionMask = 2147483647;
			files = (
				E732DC2016C5371D00DB2763 /* ToDoAPIClient.m in Sources */,
				E732DC2616C5371D00DB2763 /* main.m in Sources */,
				E732DC2916C5371D00DB2763 /* AppDelegate.m in Sources */,
				E732DC3316C5371D00DB2763 /* ToDo.xcdatamodeld in Sources */,
				E732DC3616C5371D00DB2763 /* ToDoIncrementalStore.m in Sources */,
				E732DC5816C53B9700DB2763 /* TasksViewController.m in Sources */,
				E732DC5F16C5454900DB2763 /* Task.m in Sources */,
			);
			runOnlyForDeploymentPostprocessing = 0;
		};
		E732DC3716C5371D00DB2763 /* Sources */ = {
			isa = PBXSourcesBuildPhase;
			buildActionMask = 2147483647;
			files = (
				E732DC4C16C5371D00DB2763 /* ToDoTests.m in Sources */,
			);
			runOnlyForDeploymentPostprocessing = 0;
		};
/* End PBXSourcesBuildPhase section */

/* Begin PBXTargetDependency section */
		E732DC4316C5371D00DB2763 /* PBXTargetDependency */ = {
			isa = PBXTargetDependency;
			target = E732DC0C16C5371D00DB2763 /* ToDo */;
			targetProxy = E732DC4216C5371D00DB2763 /* PBXContainerItemProxy */;
		};
/* End PBXTargetDependency section */

/* Begin PBXVariantGroup section */
		E732DC2216C5371D00DB2763 /* InfoPlist.strings */ = {
			isa = PBXVariantGroup;
			children = (
				E732DC2316C5371D00DB2763 /* en */,
			);
			name = InfoPlist.strings;
			sourceTree = "<group>";
		};
		E732DC4716C5371D00DB2763 /* InfoPlist.strings */ = {
			isa = PBXVariantGroup;
			children = (
				E732DC4816C5371D00DB2763 /* en */,
			);
			name = InfoPlist.strings;
			sourceTree = "<group>";
		};
/* End PBXVariantGroup section */

/* Begin XCBuildConfiguration section */
		E732DC4D16C5371D00DB2763 /* Debug */ = {
			isa = XCBuildConfiguration;
			buildSettings = {
				ALWAYS_SEARCH_USER_PATHS = NO;
				CLANG_CXX_LANGUAGE_STANDARD = "gnu++0x";
				CLANG_CXX_LIBRARY = "libc++";
				CLANG_ENABLE_OBJC_ARC = YES;
				CLANG_WARN_CONSTANT_CONVERSION = YES;
				CLANG_WARN_EMPTY_BODY = YES;
				CLANG_WARN_ENUM_CONVERSION = YES;
				CLANG_WARN_INT_CONVERSION = YES;
				CLANG_WARN__DUPLICATE_METHOD_MATCH = YES;
				"CODE_SIGN_IDENTITY[sdk=iphoneos*]" = "iPhone Developer";
				COPY_PHASE_STRIP = NO;
				GCC_C_LANGUAGE_STANDARD = gnu99;
				GCC_DYNAMIC_NO_PIC = NO;
				GCC_OPTIMIZATION_LEVEL = 0;
				GCC_PREPROCESSOR_DEFINITIONS = (
					"DEBUG=1",
					"$(inherited)",
				);
				GCC_SYMBOLS_PRIVATE_EXTERN = NO;
				GCC_WARN_ABOUT_RETURN_TYPE = YES;
				GCC_WARN_UNINITIALIZED_AUTOS = YES;
				GCC_WARN_UNUSED_VARIABLE = YES;
				IPHONEOS_DEPLOYMENT_TARGET = 6.0;
				ONLY_ACTIVE_ARCH = YES;
				SDKROOT = iphoneos;
			};
			name = Debug;
		};
		E732DC4E16C5371D00DB2763 /* Release */ = {
			isa = XCBuildConfiguration;
			buildSettings = {
				ALWAYS_SEARCH_USER_PATHS = NO;
				CLANG_CXX_LANGUAGE_STANDARD = "gnu++0x";
				CLANG_CXX_LIBRARY = "libc++";
				CLANG_ENABLE_OBJC_ARC = YES;
				CLANG_WARN_CONSTANT_CONVERSION = YES;
				CLANG_WARN_EMPTY_BODY = YES;
				CLANG_WARN_ENUM_CONVERSION = YES;
				CLANG_WARN_INT_CONVERSION = YES;
				CLANG_WARN__DUPLICATE_METHOD_MATCH = YES;
				"CODE_SIGN_IDENTITY[sdk=iphoneos*]" = "iPhone Developer";
				COPY_PHASE_STRIP = YES;
				GCC_C_LANGUAGE_STANDARD = gnu99;
				GCC_WARN_ABOUT_RETURN_TYPE = YES;
				GCC_WARN_UNINITIALIZED_AUTOS = YES;
				GCC_WARN_UNUSED_VARIABLE = YES;
				IPHONEOS_DEPLOYMENT_TARGET = 6.0;
				OTHER_CFLAGS = "-DNS_BLOCK_ASSERTIONS=1";
				SDKROOT = iphoneos;
				VALIDATE_PRODUCT = YES;
			};
			name = Release;
		};
		E732DC5016C5371D00DB2763 /* Debug */ = {
			isa = XCBuildConfiguration;
			baseConfigurationReference = 3582A41F2E92434DBCA92640 /* Pods.xcconfig */;
			buildSettings = {
				GCC_PRECOMPILE_PREFIX_HEADER = YES;
				GCC_PREFIX_HEADER = "ToDo/ToDo-Prefix.pch";
				INFOPLIST_FILE = "ToDo/ToDo-Info.plist";
				PRODUCT_NAME = "$(TARGET_NAME)";
				WRAPPER_EXTENSION = app;
			};
			name = Debug;
		};
		E732DC5116C5371D00DB2763 /* Release */ = {
			isa = XCBuildConfiguration;
			baseConfigurationReference = 3582A41F2E92434DBCA92640 /* Pods.xcconfig */;
			buildSettings = {
				GCC_PRECOMPILE_PREFIX_HEADER = YES;
				GCC_PREFIX_HEADER = "ToDo/ToDo-Prefix.pch";
				INFOPLIST_FILE = "ToDo/ToDo-Info.plist";
				PRODUCT_NAME = "$(TARGET_NAME)";
				WRAPPER_EXTENSION = app;
			};
			name = Release;
		};
		E732DC5316C5371D00DB2763 /* Debug */ = {
			isa = XCBuildConfiguration;
			buildSettings = {
				BUNDLE_LOADER = "$(BUILT_PRODUCTS_DIR)/ToDo.app/ToDo";
				FRAMEWORK_SEARCH_PATHS = (
					"\"$(SDKROOT)/Developer/Library/Frameworks\"",
					"\"$(DEVELOPER_LIBRARY_DIR)/Frameworks\"",
				);
				GCC_PRECOMPILE_PREFIX_HEADER = YES;
				GCC_PREFIX_HEADER = "ToDo/ToDo-Prefix.pch";
				INFOPLIST_FILE = "ToDoTests/ToDoTests-Info.plist";
				PRODUCT_NAME = "$(TARGET_NAME)";
				TEST_HOST = "$(BUNDLE_LOADER)";
				WRAPPER_EXTENSION = octest;
			};
			name = Debug;
		};
		E732DC5416C5371D00DB2763 /* Release */ = {
			isa = XCBuildConfiguration;
			buildSettings = {
				BUNDLE_LOADER = "$(BUILT_PRODUCTS_DIR)/ToDo.app/ToDo";
				FRAMEWORK_SEARCH_PATHS = (
					"\"$(SDKROOT)/Developer/Library/Frameworks\"",
					"\"$(DEVELOPER_LIBRARY_DIR)/Frameworks\"",
				);
				GCC_PRECOMPILE_PREFIX_HEADER = YES;
				GCC_PREFIX_HEADER = "ToDo/ToDo-Prefix.pch";
				INFOPLIST_FILE = "ToDoTests/ToDoTests-Info.plist";
				PRODUCT_NAME = "$(TARGET_NAME)";
				TEST_HOST = "$(BUNDLE_LOADER)";
				WRAPPER_EXTENSION = octest;
			};
			name = Release;
		};
/* End XCBuildConfiguration section */

/* Begin XCConfigurationList section */
		E732DC0816C5371D00DB2763 /* Build configuration list for PBXProject "ToDo" */ = {
			isa = XCConfigurationList;
			buildConfigurations = (
				E732DC4D16C5371D00DB2763 /* Debug */,
				E732DC4E16C5371D00DB2763 /* Release */,
			);
			defaultConfigurationIsVisible = 0;
			defaultConfigurationName = Release;
		};
		E732DC4F16C5371D00DB2763 /* Build configuration list for PBXNativeTarget "ToDo" */ = {
			isa = XCConfigurationList;
			buildConfigurations = (
				E732DC5016C5371D00DB2763 /* Debug */,
				E732DC5116C5371D00DB2763 /* Release */,
			);
			defaultConfigurationIsVisible = 0;
			defaultConfigurationName = Release;
		};
		E732DC5216C5371D00DB2763 /* Build configuration list for PBXNativeTarget "ToDoTests" */ = {
			isa = XCConfigurationList;
			buildConfigurations = (
				E732DC5316C5371D00DB2763 /* Debug */,
				E732DC5416C5371D00DB2763 /* Release */,
			);
			defaultConfigurationIsVisible = 0;
			defaultConfigurationName = Release;
		};
/* End XCConfigurationList section */

/* Begin XCVersionGroup section */
		E732DC3116C5371D00DB2763 /* ToDo.xcdatamodeld */ = {
			isa = XCVersionGroup;
			children = (
				E732DC3216C5371D00DB2763 /* ToDo.xcdatamodel */,
			);
			currentVersion = E732DC3216C5371D00DB2763 /* ToDo.xcdatamodel */;
			path = ToDo.xcdatamodeld;
			sourceTree = "<group>";
			versionGroupType = wrapper.xcdatamodel;
		};
/* End XCVersionGroup section */
	};
	rootObject = E732DC0516C5371D00DB2763 /* Project object */;
}
